// !$*UTF8*$!
{
	archiveVersion = 1;
	classes = {
	};
	objectVersion = 50;
	objects = {

/* Begin PBXBuildFile section */
		82CE95C624CC7D2100304E2C /* AppDelegate.m in Sources */ = {isa = PBXBuildFile; fileRef = 82CE95C524CC7D2100304E2C /* AppDelegate.m */; };
		82CE95C924CC7D2100304E2C /* SceneDelegate.m in Sources */ = {isa = PBXBuildFile; fileRef = 82CE95C824CC7D2100304E2C /* SceneDelegate.m */; };
		82CE95CC24CC7D2100304E2C /* ViewController.m in Sources */ = {isa = PBXBuildFile; fileRef = 82CE95CB24CC7D2100304E2C /* ViewController.m */; };
		82CE95CF24CC7D2100304E2C /* Main.storyboard in Resources */ = {isa = PBXBuildFile; fileRef = 82CE95CD24CC7D2100304E2C /* Main.storyboard */; };
		82CE95D124CC7D2300304E2C /* Assets.xcassets in Resources */ = {isa = PBXBuildFile; fileRef = 82CE95D024CC7D2300304E2C /* Assets.xcassets */; };
		82CE95D424CC7D2300304E2C /* LaunchScreen.storyboard in Resources */ = {isa = PBXBuildFile; fileRef = 82CE95D224CC7D2300304E2C /* LaunchScreen.storyboard */; };
		82CE95D724CC7D2300304E2C /* main.m in Sources */ = {isa = PBXBuildFile; fileRef = 82CE95D624CC7D2300304E2C /* main.m */; };
		82CE95DF24CC88C400304E2C /* AppDelegate+UncaughtException.m in Sources */ = {isa = PBXBuildFile; fileRef = 82CE95DE24CC88C400304E2C /* AppDelegate+UncaughtException.m */; };
/* End PBXBuildFile section */

/* Begin PBXFileReference section */
		82CE95C124CC7D2100304E2C /* CatchException.app */ = {isa = PBXFileReference; explicitFileType = wrapper.application; includeInIndex = 0; path = CatchException.app; sourceTree = BUILT_PRODUCTS_DIR; };
		82CE95C424CC7D2100304E2C /* AppDelegate.h */ = {isa = PBXFileReference; lastKnownFileType = sourcecode.c.h; path = AppDelegate.h; sourceTree = "<group>"; };
		82CE95C524CC7D2100304E2C /* AppDelegate.m */ = {isa = PBXFileReference; lastKnownFileType = sourcecode.c.objc; path = AppDelegate.m; sourceTree = "<group>"; };
		82CE95C724CC7D2100304E2C /* SceneDelegate.h */ = {isa = PBXFileReference; lastKnownFileType = sourcecode.c.h; path = SceneDelegate.h; sourceTree = "<group>"; };
		82CE95C824CC7D2100304E2C /* SceneDelegate.m */ = {isa = PBXFileReference; lastKnownFileType = sourcecode.c.objc; path = SceneDelegate.m; sourceTree = "<group>"; };
		82CE95CA24CC7D2100304E2C /* ViewController.h */ = {isa = PBXFileReference; lastKnownFileType = sourcecode.c.h; path = ViewController.h; sourceTree = "<group>"; };
		82CE95CB24CC7D2100304E2C /* ViewController.m */ = {isa = PBXFileReference; lastKnownFileType = sourcecode.c.objc; path = ViewController.m; sourceTree = "<group>"; };
		82CE95CE24CC7D2100304E2C /* Base */ = {isa = PBXFileReference; lastKnownFileType = file.storyboard; name = Base; path = Base.lproj/Main.storyboard; sourceTree = "<group>"; };
		82CE95D024CC7D2300304E2C /* Assets.xcassets */ = {isa = PBXFileReference; lastKnownFileType = folder.assetcatalog; path = Assets.xcassets; sourceTree = "<group>"; };
		82CE95D324CC7D2300304E2C /* Base */ = {isa = PBXFileReference; lastKnownFileType = file.storyboard; name = Base; path = Base.lproj/LaunchScreen.storyboard; sourceTree = "<group>"; };
		82CE95D524CC7D2300304E2C /* Info.plist */ = {isa = PBXFileReference; lastKnownFileType = text.plist.xml; path = Info.plist; sourceTree = "<group>"; };
		82CE95D624CC7D2300304E2C /* main.m */ = {isa = PBXFileReference; lastKnownFileType = sourcecode.c.objc; path = main.m; sourceTree = "<group>"; };
		82CE95DD24CC88C400304E2C /* AppDelegate+UncaughtException.h */ = {isa = PBXFileReference; lastKnownFileType = sourcecode.c.h; path = "AppDelegate+UncaughtException.h"; sourceTree = "<group>"; };
		82CE95DE24CC88C400304E2C /* AppDelegate+UncaughtException.m */ = {isa = PBXFileReference; lastKnownFileType = sourcecode.c.objc; path = "AppDelegate+UncaughtException.m"; sourceTree = "<group>"; };
/* End PBXFileReference section */

/* Begin PBXFrameworksBuildPhase section */
		82CE95BE24CC7D2100304E2C /* Frameworks */ = {
			isa = PBXFrameworksBuildPhase;
			buildActionMask = 2147483647;
			files = (
			);
			runOnlyForDeploymentPostprocessing = 0;
		};
/* End PBXFrameworksBuildPhase section */

/* Begin PBXGroup section */
		4C92258324CD666F004EA388 /* CatchException */ = {
			isa = PBXGroup;
			children = (
				82CE95DD24CC88C400304E2C /* AppDelegate+UncaughtException.h */,
				82CE95DE24CC88C400304E2C /* AppDelegate+UncaughtException.m */,
			);
			path = CatchException;
			sourceTree = "<group>";
		};
		82CE95B824CC7D2100304E2C = {
			isa = PBXGroup;
			children = (
				82CE95C324CC7D2100304E2C /* CatchException */,
				82CE95C224CC7D2100304E2C /* Products */,
			);
			sourceTree = "<group>";
		};
		82CE95C224CC7D2100304E2C /* Products */ = {
			isa = PBXGroup;
			children = (
				82CE95C124CC7D2100304E2C /* CatchException.app */,
			);
			name = Products;
			sourceTree = "<group>";
		};
		82CE95C324CC7D2100304E2C /* CatchException */ = {
			isa = PBXGroup;
			children = (
				4C92258324CD666F004EA388 /* CatchException */,
				82CE95C424CC7D2100304E2C /* AppDelegate.h */,
				82CE95C524CC7D2100304E2C /* AppDelegate.m */,
				82CE95C724CC7D2100304E2C /* SceneDelegate.h */,
				82CE95C824CC7D2100304E2C /* SceneDelegate.m */,
				82CE95CA24CC7D2100304E2C /* ViewController.h */,
				82CE95CB24CC7D2100304E2C /* ViewController.m */,
				82CE95CD24CC7D2100304E2C /* Main.storyboard */,
				82CE95D024CC7D2300304E2C /* Assets.xcassets */,
				82CE95D224CC7D2300304E2C /* LaunchScreen.storyboard */,
				82CE95D524CC7D2300304E2C /* Info.plist */,
				82CE95D624CC7D2300304E2C /* main.m */,
			);
			path = CatchException;
			sourceTree = "<group>";
		};
/* End PBXGroup section */

/* Begin PBXNativeTarget section */
		82CE95C024CC7D2100304E2C /* CatchException */ = {
			isa = PBXNativeTarget;
			buildConfigurationList = 82CE95DA24CC7D2300304E2C /* Build configuration list for PBXNativeTarget "CatchException" */;
			buildPhases = (
				82CE95BD24CC7D2100304E2C /* Sources */,
				82CE95BE24CC7D2100304E2C /* Frameworks */,
				82CE95BF24CC7D2100304E2C /* Resources */,
			);
			buildRules = (
			);
			dependencies = (
			);
			name = CatchException;
			productName = CatchException;
			productReference = 82CE95C124CC7D2100304E2C /* CatchException.app */;
			productType = "com.apple.product-type.application";
		};
/* End PBXNativeTarget section */

/* Begin PBXProject section */
		82CE95B924CC7D2100304E2C /* Project object */ = {
			isa = PBXProject;
			attributes = {
				LastUpgradeCheck = 1130;
				ORGANIZATIONNAME = com.nk;
				TargetAttributes = {
					82CE95C024CC7D2100304E2C = {
						CreatedOnToolsVersion = 11.3;
					};
				};
			};
			buildConfigurationList = 82CE95BC24CC7D2100304E2C /* Build configuration list for PBXProject "CatchException" */;
			compatibilityVersion = "Xcode 9.3";
			developmentRegion = en;
			hasScannedForEncodings = 0;
			knownRegions = (
				en,
				Base,
			);
			mainGroup = 82CE95B824CC7D2100304E2C;
			productRefGroup = 82CE95C224CC7D2100304E2C /* Products */;
			projectDirPath = "";
			projectRoot = "";
			targets = (
				82CE95C024CC7D2100304E2C /* CatchException */,
			);
		};
/* End PBXProject section */

/* Begin PBXResourcesBuildPhase section */
		82CE95BF24CC7D2100304E2C /* Resources */ = {
			isa = PBXResourcesBuildPhase;
			buildActionMask = 2147483647;
			files = (
				82CE95D424CC7D2300304E2C /* LaunchScreen.storyboard in Resources */,
				82CE95D124CC7D2300304E2C /* Assets.xcassets in Resources */,
				82CE95CF24CC7D2100304E2C /* Main.storyboard in Resources */,
			);
			runOnlyForDeploymentPostprocessing = 0;
		};
/* End PBXResourcesBuildPhase section */

/* Begin PBXSourcesBuildPhase section */
		82CE95BD24CC7D2100304E2C /* Sources */ = {
			isa = PBXSourcesBuildPhase;
			buildActionMask = 2147483647;
			files = (
				82CE95CC24CC7D2100304E2C /* ViewController.m in Sources */,
				82CE95C624CC7D2100304E2C /* AppDelegate.m in Sources */,
				82CE95D724CC7D2300304E2C /* main.m in Sources */,
				82CE95C924CC7D2100304E2C /* SceneDelegate.m in Sources */,
				82CE95DF24CC88C400304E2C /* AppDelegate+UncaughtException.m in Sources */,
			);
			runOnlyForDeploymentPostprocessing = 0;
		};
/* End PBXSourcesBuildPhase section */

/* Begin PBXVariantGroup section */
		82CE95CD24CC7D2100304E2C /* Main.storyboard */ = {
			isa = PBXVariantGroup;
			children = (
				82CE95CE24CC7D2100304E2C /* Base */,
			);
			name = Main.storyboard;
			sourceTree = "<group>";
		};
		82CE95D224CC7D2300304E2C /* LaunchScreen.storyboard */ = {
			isa = PBXVariantGroup;
			children = (
				82CE95D324CC7D2300304E2C /* Base */,
			);
			name = LaunchScreen.storyboard;
			sourceTree = "<group>";
		};
/* End PBXVariantGroup section */

/* Begin XCBuildConfiguration section */
		82CE95D824CC7D2300304E2C /* Debug */ = {
			isa = XCBuildConfiguration;
			buildSettings = {
				ALWAYS_SEARCH_USER_PATHS = NO;
				CLANG_ANALYZER_NONNULL = YES;
				CLANG_ANALYZER_NUMBER_OBJECT_CONVERSION = YES_AGGRESSIVE;
				CLANG_CXX_LANGUAGE_STANDARD = "gnu++14";
				CLANG_CXX_LIBRARY = "libc++";
				CLANG_ENABLE_MODULES = YES;
				CLANG_ENABLE_OBJC_ARC = YES;
				CLANG_ENABLE_OBJC_WEAK = YES;
				CLANG_WARN_BLOCK_CAPTURE_AUTORELEASING = YES;
				CLANG_WARN_BOOL_CONVERSION = YES;
				CLANG_WARN_COMMA = YES;
				CLANG_WARN_CONSTANT_CONVERSION = YES;
				CLANG_WARN_DEPRECATED_OBJC_IMPLEMENTATIONS = YES;
				CLANG_WARN_DIRECT_OBJC_ISA_USAGE = YES_ERROR;
				CLANG_WARN_DOCUMENTATION_COMMENTS = YES;
				CLANG_WARN_EMPTY_BODY = YES;
				CLANG_WARN_ENUM_CONVERSION = YES;
				CLANG_WARN_INFINITE_RECURSION = YES;
				CLANG_WARN_INT_CONVERSION = YES;
				CLANG_WARN_NON_LITERAL_NULL_CONVERSION = YES;
				CLANG_WARN_OBJC_IMPLICIT_RETAIN_SELF = YES;
				CLANG_WARN_OBJC_LITERAL_CONVERSION = YES;
				CLANG_WARN_OBJC_ROOT_CLASS = YES_ERROR;
				CLANG_WARN_RANGE_LOOP_ANALYSIS = YES;
				CLANG_WARN_STRICT_PROTOTYPES = YES;
				CLANG_WARN_SUSPICIOUS_MOVE = YES;
				CLANG_WARN_UNGUARDED_AVAILABILITY = YES_AGGRESSIVE;
				CLANG_WARN_UNREACHABLE_CODE = YES;
				CLANG_WARN__DUPLICATE_METHOD_MATCH = YES;
				COPY_PHASE_STRIP = NO;
				DEBUG_INFORMATION_FORMAT = dwarf;
				ENABLE_STRICT_OBJC_MSGSEND = YES;
				ENABLE_TESTABILITY = YES;
				GCC_C_LANGUAGE_STANDARD = gnu11;
				GCC_DYNAMIC_NO_PIC = NO;
				GCC_NO_COMMON_BLOCKS = YES;
				GCC_OPTIMIZATION_LEVEL = 0;
				GCC_PREPROCESSOR_DEFINITIONS = (
					"DEBUG=1",
					"$(inherited)",
				);
				GCC_WARN_64_TO_32_BIT_CONVERSION = YES;
				GCC_WARN_ABOUT_RETURN_TYPE = YES_ERROR;
				GCC_WARN_UNDECLARED_SELECTOR = YES;
				GCC_WARN_UNINITIALIZED_AUTOS = YES_AGGRESSIVE;
				GCC_WARN_UNUSED_FUNCTION = YES;
				GCC_WARN_UNUSED_VARIABLE = YES;
				IPHONEOS_DEPLOYMENT_TARGET = 13.2;
				MTL_ENABLE_DEBUG_INFO = INCLUDE_SOURCE;
				MTL_FAST_MATH = YES;
				ONLY_ACTIVE_ARCH = YES;
				SDKROOT = iphoneos;
			};
			name = Debug;
		};
		82CE95D924CC7D2300304E2C /* Release */ = {
			isa = XCBuildConfiguration;
			buildSettings = {
				ALWAYS_SEARCH_USER_PATHS = NO;
				CLANG_ANALYZER_NONNULL = YES;
				CLANG_ANALYZER_NUMBER_OBJECT_CONVERSION = YES_AGGRESSIVE;
				CLANG_CXX_LANGUAGE_STANDARD = "gnu++14";
				CLANG_CXX_LIBRARY = "libc++";
				CLANG_ENABLE_MODULES = YES;
				CLANG_ENABLE_OBJC_ARC = YES;
				CLANG_ENABLE_OBJC_WEAK = YES;
				CLANG_WARN_BLOCK_CAPTURE_AUTORELEASING = YES;
				CLANG_WARN_BOOL_CONVERSION = YES;
				CLANG_WARN_COMMA = YES;
				CLANG_WARN_CONSTANT_CONVERSION = YES;
				CLANG_WARN_DEPRECATED_OBJC_IMPLEMENTATIONS = YES;
				CLANG_WARN_DIRECT_OBJC_ISA_USAGE = YES_ERROR;
				CLANG_WARN_DOCUMENTATION_COMMENTS = YES;
				CLANG_WARN_EMPTY_BODY = YES;
				CLANG_WARN_ENUM_CONVERSION = YES;
				CLANG_WARN_INFINITE_RECURSION = YES;
				CLANG_WARN_INT_CONVERSION = YES;
				CLANG_WARN_NON_LITERAL_NULL_CONVERSION = YES;
				CLANG_WARN_OBJC_IMPLICIT_RETAIN_SELF = YES;
				CLANG_WARN_OBJC_LITERAL_CONVERSION = YES;
				CLANG_WARN_OBJC_ROOT_CLASS = YES_ERROR;
				CLANG_WARN_RANGE_LOOP_ANALYSIS = YES;
				CLANG_WARN_STRICT_PROTOTYPES = YES;
				CLANG_WARN_SUSPICIOUS_MOVE = YES;
				CLANG_WARN_UNGUARDED_AVAILABILITY = YES_AGGRESSIVE;
				CLANG_WARN_UNREACHABLE_CODE = YES;
				CLANG_WARN__DUPLICATE_METHOD_MATCH = YES;
				COPY_PHASE_STRIP = NO;
				DEBUG_INFORMATION_FORMAT = "dwarf-with-dsym";
				ENABLE_NS_ASSERTIONS = NO;
				ENABLE_STRICT_OBJC_MSGSEND = YES;
				GCC_C_LANGUAGE_STANDARD = gnu11;
				GCC_NO_COMMON_BLOCKS = YES;
				GCC_WARN_64_TO_32_BIT_CONVERSION = YES;
				GCC_WARN_ABOUT_RETURN_TYPE = YES_ERROR;
				GCC_WARN_UNDECLARED_SELECTOR = YES;
				GCC_WARN_UNINITIALIZED_AUTOS = YES_AGGRESSIVE;
				GCC_WARN_UNUSED_FUNCTION = YES;
				GCC_WARN_UNUSED_VARIABLE = YES;
				IPHONEOS_DEPLOYMENT_TARGET = 13.2;
				MTL_ENABLE_DEBUG_INFO = NO;
				MTL_FAST_MATH = YES;
				SDKROOT = iphoneos;
				VALIDATE_PRODUCT = YES;
			};
			name = Release;
		};
		82CE95DB24CC7D2300304E2C /* Debug */ = {
			isa = XCBuildConfiguration;
			buildSettings = {
				ASSETCATALOG_COMPILER_APPICON_NAME = AppIcon;
				CODE_SIGN_STYLE = Automatic;
				DEVELOPMENT_TEAM = Y2GHWQ732Y;
				INFOPLIST_FILE = CatchException/Info.plist;
				LD_RUNPATH_SEARCH_PATHS = (
					"$(inherited)",
					"@executable_path/Frameworks",
				);
				PRODUCT_BUNDLE_IDENTIFIER = com.nk.CatchException;
				PRODUCT_NAME = "$(TARGET_NAME)";
				TARGETED_DEVICE_FAMILY = "1,2";
			};
			name = Debug;
		};
		82CE95DC24CC7D2300304E2C /* Release */ = {
			isa = XCBuildConfiguration;
			buildSettings = {
				ASSETCATALOG_COMPILER_APPICON_NAME = AppIcon;
				CODE_SIGN_STYLE = Automatic;
				DEVELOPMENT_TEAM = Y2GHWQ732Y;
				INFOPLIST_FILE = CatchException/Info.plist;
				LD_RUNPATH_SEARCH_PATHS = (
					"$(inherited)",
					"@executable_path/Frameworks",
				);
				PRODUCT_BUNDLE_IDENTIFIER = com.nk.CatchException;
				PRODUCT_NAME = "$(TARGET_NAME)";
				TARGETED_DEVICE_FAMILY = "1,2";
			};
			name = Release;
		};
/* End XCBuildConfiguration section */

/* Begin XCConfigurationList section */
		82CE95BC24CC7D2100304E2C /* Build configuration list for PBXProject "CatchException" */ = {
			isa = XCConfigurationList;
			buildConfigurations = (
				82CE95D824CC7D2300304E2C /* Debug */,
				82CE95D924CC7D2300304E2C /* Release */,
			);
			defaultConfigurationIsVisible = 0;
			defaultConfigurationName = Release;
		};
		82CE95DA24CC7D2300304E2C /* Build configuration list for PBXNativeTarget "CatchException" */ = {
			isa = XCConfigurationList;
			buildConfigurations = (
				82CE95DB24CC7D2300304E2C /* Debug */,
				82CE95DC24CC7D2300304E2C /* Release */,
			);
			defaultConfigurationIsVisible = 0;
			defaultConfigurationName = Release;
		};
/* End XCConfigurationList section */
	};
	rootObject = 82CE95B924CC7D2100304E2C /* Project object */;
}
